
Microsoft Visual Studio Solution File, Format Version 12.00
# Visual Studio Version 17
VisualStudioVersion = 17.0.31903.59
MinimumVisualStudioVersion = 10.0.40219.1
Project("{9A19103F-16F7-4668-BE54-9A1E7A4F7556}") = "Distance.API", "Distance.API\Distance.API.csproj", "{DC7ECF00-5AF8-4F28-B7E5-FE7ABF9AF648}"
EndProject
Project("{2150E333-8FDC-42A3-9474-1A3956D46DE8}") = "src", "src", "{3468BA15-D909-4CB2-A2A4-BF179952C12B}"
EndProject
Project("{2150E333-8FDC-42A3-9474-1A3956D46DE8}") = "Services", "Services", "{822AD9C6-F454-409A-9689-3D7144EC41DB}"
EndProject
Project("{2150E333-8FDC-42A3-9474-1A3956D46DE8}") = "Distance", "Distance", "{70269186-8CC0-4B3F-847F-8BF4EAF07EFC}"
EndProject
Project("{2150E333-8FDC-42A3-9474-1A3956D46DE8}") = "Places", "Places", "{62483B68-D6F1-474E-9059-F3B4B02FF9FD}"
EndProject
Project("{FAE04EC0-301F-11D3-BF4B-00C04F79EFBC}") = "Places.Client", "Places.Client\Places.Client.csproj", "{C29138E7-BC3A-4061-846D-CCB3B209FD8B}"
EndProject
Project("{FAE04EC0-301F-11D3-BF4B-00C04F79EFBC}") = "Distance.Business", "Distance.Business\Distance.Business.csproj", "{3100975E-1A9A-4BAB-8C7D-149903A84265}"
EndProject
Project("{FAE04EC0-301F-11D3-BF4B-00C04F79EFBC}") = "Distance.Domain", "Distance.Domain\Distance.Domain.csproj", "{086F1504-B3DB-43C2-B3F0-4E1BCB5E339E}"
EndProject
Global
	GlobalSection(SolutionConfigurationPlatforms) = preSolution
		Debug|Any CPU = Debug|Any CPU
		Release|Any CPU = Release|Any CPU
	EndGlobalSection
	GlobalSection(ProjectConfigurationPlatforms) = postSolution
		{DC7ECF00-5AF8-4F28-B7E5-FE7ABF9AF648}.Debug|Any CPU.ActiveCfg = Debug|Any CPU
		{DC7ECF00-5AF8-4F28-B7E5-FE7ABF9AF648}.Debug|Any CPU.Build.0 = Debug|Any CPU
		{DC7ECF00-5AF8-4F28-B7E5-FE7ABF9AF648}.Release|Any CPU.ActiveCfg = Release|Any CPU
		{DC7ECF00-5AF8-4F28-B7E5-FE7ABF9AF648}.Release|Any CPU.Build.0 = Release|Any CPU
		{C29138E7-BC3A-4061-846D-CCB3B209FD8B}.Debug|Any CPU.ActiveCfg = Debug|Any CPU
		{C29138E7-BC3A-4061-846D-CCB3B209FD8B}.Debug|Any CPU.Build.0 = Debug|Any CPU
		{C29138E7-BC3A-4061-846D-CCB3B209FD8B}.Release|Any CPU.ActiveCfg = Release|Any CPU
		{C29138E7-BC3A-4061-846D-CCB3B209FD8B}.Release|Any CPU.Build.0 = Release|Any CPU
		{3100975E-1A9A-4BAB-8C7D-149903A84265}.Debug|Any CPU.ActiveCfg = Debug|Any CPU
		{3100975E-1A9A-4BAB-8C7D-149903A84265}.Debug|Any CPU.Build.0 = Debug|Any CPU
		{3100975E-1A9A-4BAB-8C7D-149903A84265}.Release|Any CPU.ActiveCfg = Release|Any CPU
		{3100975E-1A9A-4BAB-8C7D-149903A84265}.Release|Any CPU.Build.0 = Release|Any CPU
		{086F1504-B3DB-43C2-B3F0-4E1BCB5E339E}.Debug|Any CPU.ActiveCfg = Debug|Any CPU
		{086F1504-B3DB-43C2-B3F0-4E1BCB5E339E}.Debug|Any CPU.Build.0 = Debug|Any CPU
		{086F1504-B3DB-43C2-B3F0-4E1BCB5E339E}.Release|Any CPU.ActiveCfg = Release|Any CPU
		{086F1504-B3DB-43C2-B3F0-4E1BCB5E339E}.Release|Any CPU.Build.0 = Release|Any CPU
	EndGlobalSection
	GlobalSection(SolutionProperties) = preSolution
		HideSolutionNode = FALSE
	EndGlobalSection
	GlobalSection(NestedProjects) = preSolution
		{DC7ECF00-5AF8-4F28-B7E5-FE7ABF9AF648} = {70269186-8CC0-4B3F-847F-8BF4EAF07EFC}
		{822AD9C6-F454-409A-9689-3D7144EC41DB} = {3468BA15-D909-4CB2-A2A4-BF179952C12B}
		{70269186-8CC0-4B3F-847F-8BF4EAF07EFC} = {822AD9C6-F454-409A-9689-3D7144EC41DB}
		{62483B68-D6F1-474E-9059-F3B4B02FF9FD} = {822AD9C6-F454-409A-9689-3D7144EC41DB}
		{C29138E7-BC3A-4061-846D-CCB3B209FD8B} = {62483B68-D6F1-474E-9059-F3B4B02FF9FD}
		{3100975E-1A9A-4BAB-8C7D-149903A84265} = {70269186-8CC0-4B3F-847F-8BF4EAF07EFC}
		{086F1504-B3DB-43C2-B3F0-4E1BCB5E339E} = {70269186-8CC0-4B3F-847F-8BF4EAF07EFC}
	EndGlobalSection
	GlobalSection(ExtensibilityGlobals) = postSolution
		SolutionGuid = {100F64F2-F1A0-4362-9072-B79C1A5C3A54}
	EndGlobalSection
EndGlobal
